// !$*UTF8*$!
{
	archiveVersion = 1;
	classes = {
	};
	objectVersion = 55;
	objects = {

/* Begin PBXBuildFile section */
		47CC2872B954B884176617B2 /* Pods_PetProject.framework in Frameworks */ = {isa = PBXBuildFile; fileRef = 32105FF7012DF27155577ED4 /* Pods_PetProject.framework */; };
		53ECF467924B5F7A25AF6D51 /* Pods_PetProjectTests.framework in Frameworks */ = {isa = PBXBuildFile; fileRef = 68FCFCA2D8CEE7A980DA5CCD /* Pods_PetProjectTests.framework */; };
		8C7E06A528A0C50C001A01EA /* AppDelegate.swift in Sources */ = {isa = PBXBuildFile; fileRef = 8C7E06A428A0C50C001A01EA /* AppDelegate.swift */; };
		8C7E06A928A0C50C001A01EA /* ViewController.swift in Sources */ = {isa = PBXBuildFile; fileRef = 8C7E06A828A0C50C001A01EA /* ViewController.swift */; };
		8C7E06AC28A0C50C001A01EA /* Main.storyboard in Resources */ = {isa = PBXBuildFile; fileRef = 8C7E06AA28A0C50C001A01EA /* Main.storyboard */; };
		8C7E06AE28A0C50E001A01EA /* Assets.xcassets in Resources */ = {isa = PBXBuildFile; fileRef = 8C7E06AD28A0C50E001A01EA /* Assets.xcassets */; };
		8C7E06B128A0C50E001A01EA /* LaunchScreen.storyboard in Resources */ = {isa = PBXBuildFile; fileRef = 8C7E06AF28A0C50E001A01EA /* LaunchScreen.storyboard */; };
		8C7E06BC28A0C50F001A01EA /* PetProjectTests.swift in Sources */ = {isa = PBXBuildFile; fileRef = 8C7E06BB28A0C50F001A01EA /* PetProjectTests.swift */; };
		8C7E06C628A0C50F001A01EA /* PetProjectUITests.swift in Sources */ = {isa = PBXBuildFile; fileRef = 8C7E06C528A0C50F001A01EA /* PetProjectUITests.swift */; };
		8C7E06C828A0C50F001A01EA /* PetProjectUITestsLaunchTests.swift in Sources */ = {isa = PBXBuildFile; fileRef = 8C7E06C728A0C50F001A01EA /* PetProjectUITestsLaunchTests.swift */; };
/* End PBXBuildFile section */

/* Begin PBXContainerItemProxy section */
		8C7E06B828A0C50F001A01EA /* PBXContainerItemProxy */ = {
			isa = PBXContainerItemProxy;
			containerPortal = 8C7E069928A0C50C001A01EA /* Project object */;
			proxyType = 1;
			remoteGlobalIDString = 8C7E06A028A0C50C001A01EA;
			remoteInfo = PetProject;
		};
		8C7E06C228A0C50F001A01EA /* PBXContainerItemProxy */ = {
			isa = PBXContainerItemProxy;
			containerPortal = 8C7E069928A0C50C001A01EA /* Project object */;
			proxyType = 1;
			remoteGlobalIDString = 8C7E06A028A0C50C001A01EA;
			remoteInfo = PetProject;
		};
/* End PBXContainerItemProxy section */

/* Begin PBXFileReference section */
		161BAA0ECACDB6870D33704D /* Pods-PetProject.debug.xcconfig */ = {isa = PBXFileReference; includeInIndex = 1; lastKnownFileType = text.xcconfig; name = "Pods-PetProject.debug.xcconfig"; path = "Target Support Files/Pods-PetProject/Pods-PetProject.debug.xcconfig"; sourceTree = "<group>"; };
		2DE592B2605DA1AC0D412A0F /* Pods-PetProjectTests.release.xcconfig */ = {isa = PBXFileReference; includeInIndex = 1; lastKnownFileType = text.xcconfig; name = "Pods-PetProjectTests.release.xcconfig"; path = "Target Support Files/Pods-PetProjectTests/Pods-PetProjectTests.release.xcconfig"; sourceTree = "<group>"; };
		32105FF7012DF27155577ED4 /* Pods_PetProject.framework */ = {isa = PBXFileReference; explicitFileType = wrapper.framework; includeInIndex = 0; path = Pods_PetProject.framework; sourceTree = BUILT_PRODUCTS_DIR; };
		68FCFCA2D8CEE7A980DA5CCD /* Pods_PetProjectTests.framework */ = {isa = PBXFileReference; explicitFileType = wrapper.framework; includeInIndex = 0; path = Pods_PetProjectTests.framework; sourceTree = BUILT_PRODUCTS_DIR; };
		8C7E06A128A0C50C001A01EA /* PetProject.app */ = {isa = PBXFileReference; explicitFileType = wrapper.application; includeInIndex = 0; path = PetProject.app; sourceTree = BUILT_PRODUCTS_DIR; };
		8C7E06A428A0C50C001A01EA /* AppDelegate.swift */ = {isa = PBXFileReference; lastKnownFileType = sourcecode.swift; path = AppDelegate.swift; sourceTree = "<group>"; };
		8C7E06A828A0C50C001A01EA /* ViewController.swift */ = {isa = PBXFileReference; lastKnownFileType = sourcecode.swift; path = ViewController.swift; sourceTree = "<group>"; };
		8C7E06AB28A0C50C001A01EA /* Base */ = {isa = PBXFileReference; lastKnownFileType = file.storyboard; name = Base; path = Base.lproj/Main.storyboard; sourceTree = "<group>"; };
		8C7E06AD28A0C50E001A01EA /* Assets.xcassets */ = {isa = PBXFileReference; lastKnownFileType = folder.assetcatalog; path = Assets.xcassets; sourceTree = "<group>"; };
		8C7E06B028A0C50E001A01EA /* Base */ = {isa = PBXFileReference; lastKnownFileType = file.storyboard; name = Base; path = Base.lproj/LaunchScreen.storyboard; sourceTree = "<group>"; };
		8C7E06B228A0C50E001A01EA /* Info.plist */ = {isa = PBXFileReference; lastKnownFileType = text.plist.xml; path = Info.plist; sourceTree = "<group>"; };
		8C7E06B728A0C50F001A01EA /* PetProjectTests.xctest */ = {isa = PBXFileReference; explicitFileType = wrapper.cfbundle; includeInIndex = 0; path = PetProjectTests.xctest; sourceTree = BUILT_PRODUCTS_DIR; };
		8C7E06BB28A0C50F001A01EA /* PetProjectTests.swift */ = {isa = PBXFileReference; lastKnownFileType = sourcecode.swift; path = PetProjectTests.swift; sourceTree = "<group>"; };
		8C7E06C128A0C50F001A01EA /* PetProjectUITests.xctest */ = {isa = PBXFileReference; explicitFileType = wrapper.cfbundle; includeInIndex = 0; path = PetProjectUITests.xctest; sourceTree = BUILT_PRODUCTS_DIR; };
		8C7E06C528A0C50F001A01EA /* PetProjectUITests.swift */ = {isa = PBXFileReference; lastKnownFileType = sourcecode.swift; path = PetProjectUITests.swift; sourceTree = "<group>"; };
		8C7E06C728A0C50F001A01EA /* PetProjectUITestsLaunchTests.swift */ = {isa = PBXFileReference; lastKnownFileType = sourcecode.swift; path = PetProjectUITestsLaunchTests.swift; sourceTree = "<group>"; };
		A2E3BF5A1CD3C69EF8992C61 /* Pods-PetProjectTests.debug.xcconfig */ = {isa = PBXFileReference; includeInIndex = 1; lastKnownFileType = text.xcconfig; name = "Pods-PetProjectTests.debug.xcconfig"; path = "Target Support Files/Pods-PetProjectTests/Pods-PetProjectTests.debug.xcconfig"; sourceTree = "<group>"; };
		E975B6B4B3FB457018996FFA /* Pods-PetProject.release.xcconfig */ = {isa = PBXFileReference; includeInIndex = 1; lastKnownFileType = text.xcconfig; name = "Pods-PetProject.release.xcconfig"; path = "Target Support Files/Pods-PetProject/Pods-PetProject.release.xcconfig"; sourceTree = "<group>"; };
/* End PBXFileReference section */

/* Begin PBXFrameworksBuildPhase section */
		8C7E069E28A0C50C001A01EA /* Frameworks */ = {
			isa = PBXFrameworksBuildPhase;
			buildActionMask = 2147483647;
			files = (
				47CC2872B954B884176617B2 /* Pods_PetProject.framework in Frameworks */,
			);
			runOnlyForDeploymentPostprocessing = 0;
		};
		8C7E06B428A0C50F001A01EA /* Frameworks */ = {
			isa = PBXFrameworksBuildPhase;
			buildActionMask = 2147483647;
			files = (
				53ECF467924B5F7A25AF6D51 /* Pods_PetProjectTests.framework in Frameworks */,
			);
			runOnlyForDeploymentPostprocessing = 0;
		};
		8C7E06BE28A0C50F001A01EA /* Frameworks */ = {
			isa = PBXFrameworksBuildPhase;
			buildActionMask = 2147483647;
			files = (
			);
			runOnlyForDeploymentPostprocessing = 0;
		};
/* End PBXFrameworksBuildPhase section */

/* Begin PBXGroup section */
		52ED210D0CD69F6F7BFBA84A /* Pods */ = {
			isa = PBXGroup;
			children = (
				161BAA0ECACDB6870D33704D /* Pods-PetProject.debug.xcconfig */,
				E975B6B4B3FB457018996FFA /* Pods-PetProject.release.xcconfig */,
				A2E3BF5A1CD3C69EF8992C61 /* Pods-PetProjectTests.debug.xcconfig */,
				2DE592B2605DA1AC0D412A0F /* Pods-PetProjectTests.release.xcconfig */,
			);
			path = Pods;
			sourceTree = "<group>";
		};
		8C7E069828A0C50C001A01EA = {
			isa = PBXGroup;
			children = (
				8C7E06A328A0C50C001A01EA /* PetProject */,
				8C7E06BA28A0C50F001A01EA /* PetProjectTests */,
				8C7E06C428A0C50F001A01EA /* PetProjectUITests */,
				8C7E06A228A0C50C001A01EA /* Products */,
				52ED210D0CD69F6F7BFBA84A /* Pods */,
				EA6F4326454C7177234ABA96 /* Frameworks */,
			);
			sourceTree = "<group>";
		};
		8C7E06A228A0C50C001A01EA /* Products */ = {
			isa = PBXGroup;
			children = (
				8C7E06A128A0C50C001A01EA /* PetProject.app */,
				8C7E06B728A0C50F001A01EA /* PetProjectTests.xctest */,
				8C7E06C128A0C50F001A01EA /* PetProjectUITests.xctest */,
			);
			name = Products;
			sourceTree = "<group>";
		};
		8C7E06A328A0C50C001A01EA /* PetProject */ = {
			isa = PBXGroup;
			children = (
				8C7E06A428A0C50C001A01EA /* AppDelegate.swift */,
				8C7E06A828A0C50C001A01EA /* ViewController.swift */,
				8C7E06AA28A0C50C001A01EA /* Main.storyboard */,
				8C7E06AD28A0C50E001A01EA /* Assets.xcassets */,
				8C7E06AF28A0C50E001A01EA /* LaunchScreen.storyboard */,
				8C7E06B228A0C50E001A01EA /* Info.plist */,
			);
			path = PetProject;
			sourceTree = "<group>";
		};
		8C7E06BA28A0C50F001A01EA /* PetProjectTests */ = {
			isa = PBXGroup;
			children = (
				8C7E06BB28A0C50F001A01EA /* PetProjectTests.swift */,
			);
			path = PetProjectTests;
			sourceTree = "<group>";
		};
		8C7E06C428A0C50F001A01EA /* PetProjectUITests */ = {
			isa = PBXGroup;
			children = (
				8C7E06C528A0C50F001A01EA /* PetProjectUITests.swift */,
				8C7E06C728A0C50F001A01EA /* PetProjectUITestsLaunchTests.swift */,
			);
			path = PetProjectUITests;
			sourceTree = "<group>";
		};
		EA6F4326454C7177234ABA96 /* Frameworks */ = {
			isa = PBXGroup;
			children = (
				32105FF7012DF27155577ED4 /* Pods_PetProject.framework */,
				68FCFCA2D8CEE7A980DA5CCD /* Pods_PetProjectTests.framework */,
			);
			name = Frameworks;
			sourceTree = "<group>";
		};
/* End PBXGroup section */

/* Begin PBXNativeTarget section */
		8C7E06A028A0C50C001A01EA /* PetProject */ = {
			isa = PBXNativeTarget;
			buildConfigurationList = 8C7E06CB28A0C50F001A01EA /* Build configuration list for PBXNativeTarget "PetProject" */;
			buildPhases = (
				BE4ED47986775E7266EE594A /* [CP] Check Pods Manifest.lock */,
				8C7E069D28A0C50C001A01EA /* Sources */,
				8C7E069E28A0C50C001A01EA /* Frameworks */,
				8C7E069F28A0C50C001A01EA /* Resources */,
				D21D24B326CD846AAE5B27F1 /* [CP] Embed Pods Frameworks */,
				93105B2C86ECB853304170D8 /* [CP] Copy Pods Resources */,
			);
			buildRules = (
			);
			dependencies = (
			);
			name = PetProject;
			productName = PetProject;
			productReference = 8C7E06A128A0C50C001A01EA /* PetProject.app */;
			productType = "com.apple.product-type.application";
		};
		8C7E06B628A0C50F001A01EA /* PetProjectTests */ = {
			isa = PBXNativeTarget;
			buildConfigurationList = 8C7E06CE28A0C50F001A01EA /* Build configuration list for PBXNativeTarget "PetProjectTests" */;
			buildPhases = (
				015948FD3A93056305A0C622 /* [CP] Check Pods Manifest.lock */,
				8C7E06B328A0C50F001A01EA /* Sources */,
				8C7E06B428A0C50F001A01EA /* Frameworks */,
				8C7E06B528A0C50F001A01EA /* Resources */,
			);
			buildRules = (
			);
			dependencies = (
				8C7E06B928A0C50F001A01EA /* PBXTargetDependency */,
			);
			name = PetProjectTests;
			productName = PetProjectTests;
			productReference = 8C7E06B728A0C50F001A01EA /* PetProjectTests.xctest */;
			productType = "com.apple.product-type.bundle.unit-test";
		};
		8C7E06C028A0C50F001A01EA /* PetProjectUITests */ = {
			isa = PBXNativeTarget;
			buildConfigurationList = 8C7E06D128A0C50F001A01EA /* Build configuration list for PBXNativeTarget "PetProjectUITests" */;
			buildPhases = (
				8C7E06BD28A0C50F001A01EA /* Sources */,
				8C7E06BE28A0C50F001A01EA /* Frameworks */,
				8C7E06BF28A0C50F001A01EA /* Resources */,
			);
			buildRules = (
			);
			dependencies = (
				8C7E06C328A0C50F001A01EA /* PBXTargetDependency */,
			);
			name = PetProjectUITests;
			productName = PetProjectUITests;
			productReference = 8C7E06C128A0C50F001A01EA /* PetProjectUITests.xctest */;
			productType = "com.apple.product-type.bundle.ui-testing";
		};
/* End PBXNativeTarget section */

/* Begin PBXProject section */
		8C7E069928A0C50C001A01EA /* Project object */ = {
			isa = PBXProject;
			attributes = {
				BuildIndependentTargetsInParallel = 1;
				LastSwiftUpdateCheck = 1340;
				LastUpgradeCheck = 1340;
				TargetAttributes = {
					8C7E06A028A0C50C001A01EA = {
						CreatedOnToolsVersion = 13.4.1;
					};
					8C7E06B628A0C50F001A01EA = {
						CreatedOnToolsVersion = 13.4.1;
						TestTargetID = 8C7E06A028A0C50C001A01EA;
					};
					8C7E06C028A0C50F001A01EA = {
						CreatedOnToolsVersion = 13.4.1;
						TestTargetID = 8C7E06A028A0C50C001A01EA;
					};
				};
			};
			buildConfigurationList = 8C7E069C28A0C50C001A01EA /* Build configuration list for PBXProject "PetProject" */;
			compatibilityVersion = "Xcode 13.0";
			developmentRegion = en;
			hasScannedForEncodings = 0;
			knownRegions = (
				en,
				Base,
			);
			mainGroup = 8C7E069828A0C50C001A01EA;
			productRefGroup = 8C7E06A228A0C50C001A01EA /* Products */;
			projectDirPath = "";
			projectRoot = "";
			targets = (
				8C7E06A028A0C50C001A01EA /* PetProject */,
				8C7E06B628A0C50F001A01EA /* PetProjectTests */,
				8C7E06C028A0C50F001A01EA /* PetProjectUITests */,
			);
		};
/* End PBXProject section */

/* Begin PBXResourcesBuildPhase section */
		8C7E069F28A0C50C001A01EA /* Resources */ = {
			isa = PBXResourcesBuildPhase;
			buildActionMask = 2147483647;
			files = (
				8C7E06B128A0C50E001A01EA /* LaunchScreen.storyboard in Resources */,
				8C7E06AE28A0C50E001A01EA /* Assets.xcassets in Resources */,
				8C7E06AC28A0C50C001A01EA /* Main.storyboard in Resources */,
			);
			runOnlyForDeploymentPostprocessing = 0;
		};
		8C7E06B528A0C50F001A01EA /* Resources */ = {
			isa = PBXResourcesBuildPhase;
			buildActionMask = 2147483647;
			files = (
			);
			runOnlyForDeploymentPostprocessing = 0;
		};
		8C7E06BF28A0C50F001A01EA /* Resources */ = {
			isa = PBXResourcesBuildPhase;
			buildActionMask = 2147483647;
			files = (
			);
			runOnlyForDeploymentPostprocessing = 0;
		};
/* End PBXResourcesBuildPhase section */

/* Begin PBXShellScriptBuildPhase section */
		015948FD3A93056305A0C622 /* [CP] Check Pods Manifest.lock */ = {
			isa = PBXShellScriptBuildPhase;
			buildActionMask = 2147483647;
			files = (
			);
			inputFileListPaths = (
			);
			inputPaths = (
				"${PODS_PODFILE_DIR_PATH}/Podfile.lock",
				"${PODS_ROOT}/Manifest.lock",
			);
			name = "[CP] Check Pods Manifest.lock";
			outputFileListPaths = (
			);
			outputPaths = (
				"$(DERIVED_FILE_DIR)/Pods-PetProjectTests-checkManifestLockResult.txt",
			);
			runOnlyForDeploymentPostprocessing = 0;
			shellPath = /bin/sh;
			shellScript = "diff \"${PODS_PODFILE_DIR_PATH}/Podfile.lock\" \"${PODS_ROOT}/Manifest.lock\" > /dev/null\nif [ $? != 0 ] ; then\n    # print error to STDERR\n    echo \"error: The sandbox is not in sync with the Podfile.lock. Run 'pod install' or update your CocoaPods installation.\" >&2\n    exit 1\nfi\n# This output is used by Xcode 'outputs' to avoid re-running this script phase.\necho \"SUCCESS\" > \"${SCRIPT_OUTPUT_FILE_0}\"\n";
			showEnvVarsInLog = 0;
		};
		93105B2C86ECB853304170D8 /* [CP] Copy Pods Resources */ = {
			isa = PBXShellScriptBuildPhase;
			buildActionMask = 2147483647;
			files = (
			);
			inputFileListPaths = (
				"${PODS_ROOT}/Target Support Files/Pods-PetProject/Pods-PetProject-resources-${CONFIGURATION}-input-files.xcfilelist",
			);
			name = "[CP] Copy Pods Resources";
			outputFileListPaths = (
				"${PODS_ROOT}/Target Support Files/Pods-PetProject/Pods-PetProject-resources-${CONFIGURATION}-output-files.xcfilelist",
			);
			runOnlyForDeploymentPostprocessing = 0;
			shellPath = /bin/sh;
			shellScript = "\"${PODS_ROOT}/Target Support Files/Pods-PetProject/Pods-PetProject-resources.sh\"\n";
			showEnvVarsInLog = 0;
		};
		BE4ED47986775E7266EE594A /* [CP] Check Pods Manifest.lock */ = {
			isa = PBXShellScriptBuildPhase;
			buildActionMask = 2147483647;
			files = (
			);
			inputFileListPaths = (
			);
			inputPaths = (
				"${PODS_PODFILE_DIR_PATH}/Podfile.lock",
				"${PODS_ROOT}/Manifest.lock",
			);
			name = "[CP] Check Pods Manifest.lock";
			outputFileListPaths = (
			);
			outputPaths = (
				"$(DERIVED_FILE_DIR)/Pods-PetProject-checkManifestLockResult.txt",
			);
			runOnlyForDeploymentPostprocessing = 0;
			shellPath = /bin/sh;
			shellScript = "diff \"${PODS_PODFILE_DIR_PATH}/Podfile.lock\" \"${PODS_ROOT}/Manifest.lock\" > /dev/null\nif [ $? != 0 ] ; then\n    # print error to STDERR\n    echo \"error: The sandbox is not in sync with the Podfile.lock. Run 'pod install' or update your CocoaPods installation.\" >&2\n    exit 1\nfi\n# This output is used by Xcode 'outputs' to avoid re-running this script phase.\necho \"SUCCESS\" > \"${SCRIPT_OUTPUT_FILE_0}\"\n";
			showEnvVarsInLog = 0;
		};
		D21D24B326CD846AAE5B27F1 /* [CP] Embed Pods Frameworks */ = {
			isa = PBXShellScriptBuildPhase;
			buildActionMask = 2147483647;
			files = (
			);
			inputFileListPaths = (
				"${PODS_ROOT}/Target Support Files/Pods-PetProject/Pods-PetProject-frameworks-${CONFIGURATION}-input-files.xcfilelist",
			);
			name = "[CP] Embed Pods Frameworks";
			outputFileListPaths = (
				"${PODS_ROOT}/Target Support Files/Pods-PetProject/Pods-PetProject-frameworks-${CONFIGURATION}-output-files.xcfilelist",
			);
			runOnlyForDeploymentPostprocessing = 0;
			shellPath = /bin/sh;
			shellScript = "\"${PODS_ROOT}/Target Support Files/Pods-PetProject/Pods-PetProject-frameworks.sh\"\n";
			showEnvVarsInLog = 0;
		};
/* End PBXShellScriptBuildPhase section */

/* Begin PBXSourcesBuildPhase section */
		8C7E069D28A0C50C001A01EA /* Sources */ = {
			isa = PBXSourcesBuildPhase;
			buildActionMask = 2147483647;
			files = (
				8C7E06A928A0C50C001A01EA /* ViewController.swift in Sources */,
				8C7E06A528A0C50C001A01EA /* AppDelegate.swift in Sources */,
			);
			runOnlyForDeploymentPostprocessing = 0;
		};
		8C7E06B328A0C50F001A01EA /* Sources */ = {
			isa = PBXSourcesBuildPhase;
			buildActionMask = 2147483647;
			files = (
				8C7E06BC28A0C50F001A01EA /* PetProjectTests.swift in Sources */,
			);
			runOnlyForDeploymentPostprocessing = 0;
		};
		8C7E06BD28A0C50F001A01EA /* Sources */ = {
			isa = PBXSourcesBuildPhase;
			buildActionMask = 2147483647;
			files = (
				8C7E06C828A0C50F001A01EA /* PetProjectUITestsLaunchTests.swift in Sources */,
				8C7E06C628A0C50F001A01EA /* PetProjectUITests.swift in Sources */,
			);
			runOnlyForDeploymentPostprocessing = 0;
		};
/* End PBXSourcesBuildPhase section */

/* Begin PBXTargetDependency section */
		8C7E06B928A0C50F001A01EA /* PBXTargetDependency */ = {
			isa = PBXTargetDependency;
			target = 8C7E06A028A0C50C001A01EA /* PetProject */;
			targetProxy = 8C7E06B828A0C50F001A01EA /* PBXContainerItemProxy */;
		};
		8C7E06C328A0C50F001A01EA /* PBXTargetDependency */ = {
			isa = PBXTargetDependency;
			target = 8C7E06A028A0C50C001A01EA /* PetProject */;
			targetProxy = 8C7E06C228A0C50F001A01EA /* PBXContainerItemProxy */;
		};
/* End PBXTargetDependency section */

/* Begin PBXVariantGroup section */
		8C7E06AA28A0C50C001A01EA /* Main.storyboard */ = {
			isa = PBXVariantGroup;
			children = (
				8C7E06AB28A0C50C001A01EA /* Base */,
			);
			name = Main.storyboard;
			sourceTree = "<group>";
		};
		8C7E06AF28A0C50E001A01EA /* LaunchScreen.storyboard */ = {
			isa = PBXVariantGroup;
			children = (
				8C7E06B028A0C50E001A01EA /* Base */,
			);
			name = LaunchScreen.storyboard;
			sourceTree = "<group>";
		};
/* End PBXVariantGroup section */

/* Begin XCBuildConfiguration section */
		8C7E06C928A0C50F001A01EA /* Debug */ = {
			isa = XCBuildConfiguration;
			buildSettings = {
				ALWAYS_SEARCH_USER_PATHS = NO;
				CLANG_ANALYZER_NONNULL = YES;
				CLANG_ANALYZER_NUMBER_OBJECT_CONVERSION = YES_AGGRESSIVE;
				CLANG_CXX_LANGUAGE_STANDARD = "gnu++17";
				CLANG_ENABLE_MODULES = YES;
				CLANG_ENABLE_OBJC_ARC = YES;
				CLANG_ENABLE_OBJC_WEAK = YES;
				CLANG_WARN_BLOCK_CAPTURE_AUTORELEASING = YES;
				CLANG_WARN_BOOL_CONVERSION = YES;
				CLANG_WARN_COMMA = YES;
				CLANG_WARN_CONSTANT_CONVERSION = YES;
				CLANG_WARN_DEPRECATED_OBJC_IMPLEMENTATIONS = YES;
				CLANG_WARN_DIRECT_OBJC_ISA_USAGE = YES_ERROR;
				CLANG_WARN_DOCUMENTATION_COMMENTS = YES;
				CLANG_WARN_EMPTY_BODY = YES;
				CLANG_WARN_ENUM_CONVERSION = YES;
				CLANG_WARN_INFINITE_RECURSION = YES;
				CLANG_WARN_INT_CONVERSION = YES;
				CLANG_WARN_NON_LITERAL_NULL_CONVERSION = YES;
				CLANG_WARN_OBJC_IMPLICIT_RETAIN_SELF = YES;
				CLANG_WARN_OBJC_LITERAL_CONVERSION = YES;
				CLANG_WARN_OBJC_ROOT_CLASS = YES_ERROR;
				CLANG_WARN_QUOTED_INCLUDE_IN_FRAMEWORK_HEADER = YES;
				CLANG_WARN_RANGE_LOOP_ANALYSIS = YES;
				CLANG_WARN_STRICT_PROTOTYPES = YES;
				CLANG_WARN_SUSPICIOUS_MOVE = YES;
				CLANG_WARN_UNGUARDED_AVAILABILITY = YES_AGGRESSIVE;
				CLANG_WARN_UNREACHABLE_CODE = YES;
				CLANG_WARN__DUPLICATE_METHOD_MATCH = YES;
				COPY_PHASE_STRIP = NO;
				DEBUG_INFORMATION_FORMAT = dwarf;
				ENABLE_STRICT_OBJC_MSGSEND = YES;
				ENABLE_TESTABILITY = YES;
				GCC_C_LANGUAGE_STANDARD = gnu11;
				GCC_DYNAMIC_NO_PIC = NO;
				GCC_NO_COMMON_BLOCKS = YES;
				GCC_OPTIMIZATION_LEVEL = 0;
				GCC_PREPROCESSOR_DEFINITIONS = (
					"DEBUG=1",
					"$(inherited)",
				);
				GCC_WARN_64_TO_32_BIT_CONVERSION = YES;
				GCC_WARN_ABOUT_RETURN_TYPE = YES_ERROR;
				GCC_WARN_UNDECLARED_SELECTOR = YES;
				GCC_WARN_UNINITIALIZED_AUTOS = YES_AGGRESSIVE;
				GCC_WARN_UNUSED_FUNCTION = YES;
				GCC_WARN_UNUSED_VARIABLE = YES;
				IPHONEOS_DEPLOYMENT_TARGET = 12.0;
				MTL_ENABLE_DEBUG_INFO = INCLUDE_SOURCE;
				MTL_FAST_MATH = YES;
				ONLY_ACTIVE_ARCH = YES;
				SDKROOT = iphoneos;
				SWIFT_ACTIVE_COMPILATION_CONDITIONS = DEBUG;
				SWIFT_OPTIMIZATION_LEVEL = "-Onone";
			};
			name = Debug;
		};
		8C7E06CA28A0C50F001A01EA /* Release */ = {
			isa = XCBuildConfiguration;
			buildSettings = {
				ALWAYS_SEARCH_USER_PATHS = NO;
				CLANG_ANALYZER_NONNULL = YES;
				CLANG_ANALYZER_NUMBER_OBJECT_CONVERSION = YES_AGGRESSIVE;
				CLANG_CXX_LANGUAGE_STANDARD = "gnu++17";
				CLANG_ENABLE_MODULES = YES;
				CLANG_ENABLE_OBJC_ARC = YES;
				CLANG_ENABLE_OBJC_WEAK = YES;
				CLANG_WARN_BLOCK_CAPTURE_AUTORELEASING = YES;
				CLANG_WARN_BOOL_CONVERSION = YES;
				CLANG_WARN_COMMA = YES;
				CLANG_WARN_CONSTANT_CONVERSION = YES;
				CLANG_WARN_DEPRECATED_OBJC_IMPLEMENTATIONS = YES;
				CLANG_WARN_DIRECT_OBJC_ISA_USAGE = YES_ERROR;
				CLANG_WARN_DOCUMENTATION_COMMENTS = YES;
				CLANG_WARN_EMPTY_BODY = YES;
				CLANG_WARN_ENUM_CONVERSION = YES;
				CLANG_WARN_INFINITE_RECURSION = YES;
				CLANG_WARN_INT_CONVERSION = YES;
				CLANG_WARN_NON_LITERAL_NULL_CONVERSION = YES;
				CLANG_WARN_OBJC_IMPLICIT_RETAIN_SELF = YES;
				CLANG_WARN_OBJC_LITERAL_CONVERSION = YES;
				CLANG_WARN_OBJC_ROOT_CLASS = YES_ERROR;
				CLANG_WARN_QUOTED_INCLUDE_IN_FRAMEWORK_HEADER = YES;
				CLANG_WARN_RANGE_LOOP_ANALYSIS = YES;
				CLANG_WARN_STRICT_PROTOTYPES = YES;
				CLANG_WARN_SUSPICIOUS_MOVE = YES;
				CLANG_WARN_UNGUARDED_AVAILABILITY = YES_AGGRESSIVE;
				CLANG_WARN_UNREACHABLE_CODE = YES;
				CLANG_WARN__DUPLICATE_METHOD_MATCH = YES;
				COPY_PHASE_STRIP = NO;
				DEBUG_INFORMATION_FORMAT = "dwarf-with-dsym";
				ENABLE_NS_ASSERTIONS = NO;
				ENABLE_STRICT_OBJC_MSGSEND = YES;
				GCC_C_LANGUAGE_STANDARD = gnu11;
				GCC_NO_COMMON_BLOCKS = YES;
				GCC_WARN_64_TO_32_BIT_CONVERSION = YES;
				GCC_WARN_ABOUT_RETURN_TYPE = YES_ERROR;
				GCC_WARN_UNDECLARED_SELECTOR = YES;
				GCC_WARN_UNINITIALIZED_AUTOS = YES_AGGRESSIVE;
				GCC_WARN_UNUSED_FUNCTION = YES;
				GCC_WARN_UNUSED_VARIABLE = YES;
				IPHONEOS_DEPLOYMENT_TARGET = 12.0;
				MTL_ENABLE_DEBUG_INFO = NO;
				MTL_FAST_MATH = YES;
				SDKROOT = iphoneos;
				SWIFT_COMPILATION_MODE = wholemodule;
				SWIFT_OPTIMIZATION_LEVEL = "-O";
				VALIDATE_PRODUCT = YES;
			};
			name = Release;
		};
		8C7E06CC28A0C50F001A01EA /* Debug */ = {
			isa = XCBuildConfiguration;
			baseConfigurationReference = 161BAA0ECACDB6870D33704D /* Pods-PetProject.debug.xcconfig */;
			buildSettings = {
				ASSETCATALOG_COMPILER_APPICON_NAME = AppIcon;
				ASSETCATALOG_COMPILER_GLOBAL_ACCENT_COLOR_NAME = AccentColor;
				CODE_SIGN_STYLE = Automatic;
				CURRENT_PROJECT_VERSION = 1;
				DEVELOPMENT_TEAM = SL5L5D5DAN;
				GENERATE_INFOPLIST_FILE = YES;
				INFOPLIST_FILE = PetProject/Info.plist;
				INFOPLIST_KEY_UIApplicationSupportsIndirectInputEvents = YES;
				INFOPLIST_KEY_UILaunchStoryboardName = LaunchScreen;
				INFOPLIST_KEY_UIMainStoryboardFile = Main;
				INFOPLIST_KEY_UISupportedInterfaceOrientations = UIInterfaceOrientationPortrait;
				INFOPLIST_KEY_UISupportedInterfaceOrientations_iPad = "UIInterfaceOrientationPortrait UIInterfaceOrientationPortraitUpsideDown UIInterfaceOrientationLandscapeLeft UIInterfaceOrientationLandscapeRight";
				INFOPLIST_KEY_UISupportedInterfaceOrientations_iPhone = "UIInterfaceOrientationPortrait UIInterfaceOrientationLandscapeLeft UIInterfaceOrientationLandscapeRight";
				IPHONEOS_DEPLOYMENT_TARGET = 12.0;
				LD_RUNPATH_SEARCH_PATHS = (
					"$(inherited)",
					"@executable_path/Frameworks",
				);
				MARKETING_VERSION = 1.0;
				PRODUCT_BUNDLE_IDENTIFIER = com.faisal.PetProject;
				PRODUCT_NAME = "$(TARGET_NAME)";
				SWIFT_EMIT_LOC_STRINGS = YES;
				SWIFT_VERSION = 5.0;
				TARGETED_DEVICE_FAMILY = 1;
			};
			name = Debug;
		};
		8C7E06CD28A0C50F001A01EA /* Release */ = {
			isa = XCBuildConfiguration;
			baseConfigurationReference = E975B6B4B3FB457018996FFA /* Pods-PetProject.release.xcconfig */;
			buildSettings = {
				ASSETCATALOG_COMPILER_APPICON_NAME = AppIcon;
				ASSETCATALOG_COMPILER_GLOBAL_ACCENT_COLOR_NAME = AccentColor;
				CODE_SIGN_STYLE = Automatic;
				CURRENT_PROJECT_VERSION = 1;
				DEVELOPMENT_TEAM = SL5L5D5DAN;
				GENERATE_INFOPLIST_FILE = YES;
				INFOPLIST_FILE = PetProject/Info.plist;
				INFOPLIST_KEY_UIApplicationSupportsIndirectInputEvents = YES;
				INFOPLIST_KEY_UILaunchStoryboardName = LaunchScreen;
				INFOPLIST_KEY_UIMainStoryboardFile = Main;
				INFOPLIST_KEY_UISupportedInterfaceOrientations = UIInterfaceOrientationPortrait;
				INFOPLIST_KEY_UISupportedInterfaceOrientations_iPad = "UIInterfaceOrientationPortrait UIInterfaceOrientationPortraitUpsideDown UIInterfaceOrientationLandscapeLeft UIInterfaceOrientationLandscapeRight";
				INFOPLIST_KEY_UISupportedInterfaceOrientations_iPhone = "UIInterfaceOrientationPortrait UIInterfaceOrientationLandscapeLeft UIInterfaceOrientationLandscapeRight";
				IPHONEOS_DEPLOYMENT_TARGET = 12.0;
				LD_RUNPATH_SEARCH_PATHS = (
					"$(inherited)",
					"@executable_path/Frameworks",
				);
				MARKETING_VERSION = 1.0;
				PRODUCT_BUNDLE_IDENTIFIER = com.faisal.PetProject;
				PRODUCT_NAME = "$(TARGET_NAME)";
				SWIFT_EMIT_LOC_STRINGS = YES;
				SWIFT_VERSION = 5.0;
				TARGETED_DEVICE_FAMILY = 1;
			};
			name = Release;
		};
		8C7E06CF28A0C50F001A01EA /* Debug */ = {
			isa = XCBuildConfiguration;
			baseConfigurationReference = A2E3BF5A1CD3C69EF8992C61 /* Pods-PetProjectTests.debug.xcconfig */;
			buildSettings = {
				ALWAYS_EMBED_SWIFT_STANDARD_LIBRARIES = YES;
				BUNDLE_LOADER = "$(TEST_HOST)";
				CODE_SIGN_STYLE = Automatic;
				CURRENT_PROJECT_VERSION = 1;
				DEVELOPMENT_TEAM = SL5L5D5DAN;
				GENERATE_INFOPLIST_FILE = YES;
				IPHONEOS_DEPLOYMENT_TARGET = 13.0;
				MARKETING_VERSION = 1.0;
				PRODUCT_BUNDLE_IDENTIFIER = com.faisal.PetProjectTests;
				PRODUCT_NAME = "$(TARGET_NAME)";
				SWIFT_EMIT_LOC_STRINGS = NO;
				SWIFT_VERSION = 5.0;
				TARGETED_DEVICE_FAMILY = "1,2";
				TEST_HOST = "$(BUILT_PRODUCTS_DIR)/PetProject.app/PetProject";
			};
			name = Debug;
		};
		8C7E06D028A0C50F001A01EA /* Release */ = {
			isa = XCBuildConfiguration;
			baseConfigurationReference = 2DE592B2605DA1AC0D412A0F /* Pods-PetProjectTests.release.xcconfig */;
			buildSettings = {
				ALWAYS_EMBED_SWIFT_STANDARD_LIBRARIES = YES;
				BUNDLE_LOADER = "$(TEST_HOST)";
				CODE_SIGN_STYLE = Automatic;
				CURRENT_PROJECT_VERSION = 1;
				DEVELOPMENT_TEAM = SL5L5D5DAN;
				GENERATE_INFOPLIST_FILE = YES;
				IPHONEOS_DEPLOYMENT_TARGET = 13.0;
				MARKETING_VERSION = 1.0;
				PRODUCT_BUNDLE_IDENTIFIER = com.faisal.PetProjectTests;
				PRODUCT_NAME = "$(TARGET_NAME)";
				SWIFT_EMIT_LOC_STRINGS = NO;
				SWIFT_VERSION = 5.0;
				TARGETED_DEVICE_FAMILY = "1,2";
				TEST_HOST = "$(BUILT_PRODUCTS_DIR)/PetProject.app/PetProject";
			};
			name = Release;
		};
		8C7E06D228A0C50F001A01EA /* Debug */ = {
			isa = XCBuildConfiguration;
			buildSettings = {
				ALWAYS_EMBED_SWIFT_STANDARD_LIBRARIES = YES;
				CODE_SIGN_STYLE = Automatic;
				CURRENT_PROJECT_VERSION = 1;
				DEVELOPMENT_TEAM = SL5L5D5DAN;
				GENERATE_INFOPLIST_FILE = YES;
				IPHONEOS_DEPLOYMENT_TARGET = 13.0;
				MARKETING_VERSION = 1.0;
				PRODUCT_BUNDLE_IDENTIFIER = com.faisal.PetProjectUITests;
				PRODUCT_NAME = "$(TARGET_NAME)";
				SWIFT_EMIT_LOC_STRINGS = NO;
				SWIFT_VERSION = 5.0;
				TARGETED_DEVICE_FAMILY = "1,2";
				TEST_TARGET_NAME = PetProject;
			};
			name = Debug;
		};
		8C7E06D328A0C50F001A01EA /* Release */ = {
			isa = XCBuildConfiguration;
			buildSettings = {
				ALWAYS_EMBED_SWIFT_STANDARD_LIBRARIES = YES;
				CODE_SIGN_STYLE = Automatic;
				CURRENT_PROJECT_VERSION = 1;
				DEVELOPMENT_TEAM = SL5L5D5DAN;
				GENERATE_INFOPLIST_FILE = YES;
				IPHONEOS_DEPLOYMENT_TARGET = 13.0;
				MARKETING_VERSION = 1.0;
				PRODUCT_BUNDLE_IDENTIFIER = com.faisal.PetProjectUITests;
				PRODUCT_NAME = "$(TARGET_NAME)";
				SWIFT_EMIT_LOC_STRINGS = NO;
				SWIFT_VERSION = 5.0;
				TARGETED_DEVICE_FAMILY = "1,2";
				TEST_TARGET_NAME = PetProject;
			};
			name = Release;
		};
/* End XCBuildConfiguration section */

/* Begin XCConfigurationList section */
		8C7E069C28A0C50C001A01EA /* Build configuration list for PBXProject "PetProject" */ = {
			isa = XCConfigurationList;
			buildConfigurations = (
				8C7E06C928A0C50F001A01EA /* Debug */,
				8C7E06CA28A0C50F001A01EA /* Release */,
			);
			defaultConfigurationIsVisible = 0;
			defaultConfigurationName = Release;
		};
		8C7E06CB28A0C50F001A01EA /* Build configuration list for PBXNativeTarget "PetProject" */ = {
			isa = XCConfigurationList;
			buildConfigurations = (
				8C7E06CC28A0C50F001A01EA /* Debug */,
				8C7E06CD28A0C50F001A01EA /* Release */,
			);
			defaultConfigurationIsVisible = 0;
			defaultConfigurationName = Release;
		};
		8C7E06CE28A0C50F001A01EA /* Build configuration list for PBXNativeTarget "PetProjectTests" */ = {
			isa = XCConfigurationList;
			buildConfigurations = (
				8C7E06CF28A0C50F001A01EA /* Debug */,
				8C7E06D028A0C50F001A01EA /* Release */,
			);
			defaultConfigurationIsVisible = 0;
			defaultConfigurationName = Release;
		};
		8C7E06D128A0C50F001A01EA /* Build configuration list for PBXNativeTarget "PetProjectUITests" */ = {
			isa = XCConfigurationList;
			buildConfigurations = (
				8C7E06D228A0C50F001A01EA /* Debug */,
				8C7E06D328A0C50F001A01EA /* Release */,
			);
			defaultConfigurationIsVisible = 0;
			defaultConfigurationName = Release;
		};
/* End XCConfigurationList section */
	};
	rootObject = 8C7E069928A0C50C001A01EA /* Project object */;
}
